
Microsoft Visual Studio Solution File, Format Version 12.00
# Visual Studio Version 16
VisualStudioVersion = 16.0.32630.194
MinimumVisualStudioVersion = 10.0.40219.1
Project("{FAE04EC0-301F-11D3-BF4B-00C04F79EFBC}") = "Calculator", "Calculator.csproj", "{AD560CE9-79D5-45C1-A88C-41B8495F1A8A}"
EndProject
Global
	GlobalSection(SolutionConfigurationPlatforms) = preSolution
		Debug|Any CPU = Debug|Any CPU
		Release|Any CPU = Release|Any CPU
	EndGlobalSection
	GlobalSection(ProjectConfigurationPlatforms) = postSolution
		{AD560CE9-79D5-45C1-A88C-41B8495F1A8A}.Debug|Any CPU.ActiveCfg = Debug|Any CPU
		{AD560CE9-79D5-45C1-A88C-41B8495F1A8A}.Debug|Any CPU.Build.0 = Debug|Any CPU
		{AD560CE9-79D5-45C1-A88C-41B8495F1A8A}.Release|Any CPU.ActiveCfg = Release|Any CPU
		{AD560CE9-79D5-45C1-A88C-41B8495F1A8A}.Release|Any CPU.Build.0 = Release|Any CPU
	EndGlobalSection
	GlobalSection(SolutionProperties) = preSolution
		HideSolutionNode = FALSE
	EndGlobalSection
	GlobalSection(ExtensibilityGlobals) = postSolution
		SolutionGuid = {8BBAADBA-012D-4A10-8F6A-13D3F89097FE}
	EndGlobalSection
EndGlobal
